
Microsoft Visual Studio Solution File, Format Version 12.00
# Visual Studio Version 17
VisualStudioVersion = 17.5.33516.290
MinimumVisualStudioVersion = 10.0.40219.1
Project("{9A19103F-16F7-4668-BE54-9A1E7A4F7556}") = "Cucumba.Demo", "Code\Cucumba.Demo.csproj", "{B2242791-F987-4590-A828-D7885831CD74}"
EndProject
Project("{FAE04EC0-301F-11D3-BF4B-00C04F79EFBC}") = "Cucumba.Specs", "Specs\Cucumba.Specs\Cucumba.Specs.csproj", "{0A1E9FF9-9333-497C-866D-D0A1F8194C34}"
EndProject
Global
	GlobalSection(SolutionConfigurationPlatforms) = preSolution
		Debug|Any CPU = Debug|Any CPU
		Release|Any CPU = Release|Any CPU
	EndGlobalSection
	GlobalSection(ProjectConfigurationPlatforms) = postSolution
		{B2242791-F987-4590-A828-D7885831CD74}.Debug|Any CPU.ActiveCfg = Debug|Any CPU
		{B2242791-F987-4590-A828-D7885831CD74}.Debug|Any CPU.Build.0 = Debug|Any CPU
		{B2242791-F987-4590-A828-D7885831CD74}.Release|Any CPU.ActiveCfg = Release|Any CPU
		{B2242791-F987-4590-A828-D7885831CD74}.Release|Any CPU.Build.0 = Release|Any CPU
		{0A1E9FF9-9333-497C-866D-D0A1F8194C34}.Debug|Any CPU.ActiveCfg = Debug|Any CPU
		{0A1E9FF9-9333-497C-866D-D0A1F8194C34}.Debug|Any CPU.Build.0 = Debug|Any CPU
		{0A1E9FF9-9333-497C-866D-D0A1F8194C34}.Release|Any CPU.ActiveCfg = Release|Any CPU
		{0A1E9FF9-9333-497C-866D-D0A1F8194C34}.Release|Any CPU.Build.0 = Release|Any CPU
	EndGlobalSection
	GlobalSection(SolutionProperties) = preSolution
		HideSolutionNode = FALSE
	EndGlobalSection
	GlobalSection(ExtensibilityGlobals) = postSolution
		SolutionGuid = {EE89758F-D40B-442A-9412-66FB7100510B}
	EndGlobalSection
EndGlobal
